
Microsoft Visual Studio Solution File, Format Version 12.00
# Visual Studio Version 17
VisualStudioVersion = 17.3.32901.215
MinimumVisualStudioVersion = 10.0.40219.1
Project("{FAE04EC0-301F-11D3-BF4B-00C04F79EFBC}") = "ListaExercicios11Atos", "ListaExercicios11Atos\ListaExercicios11Atos.csproj", "{631C117A-7259-40F5-9001-C993F5BA30DC}"
EndProject
Global
	GlobalSection(SolutionConfigurationPlatforms) = preSolution
		Debug|Any CPU = Debug|Any CPU
		Release|Any CPU = Release|Any CPU
	EndGlobalSection
	GlobalSection(ProjectConfigurationPlatforms) = postSolution
		{631C117A-7259-40F5-9001-C993F5BA30DC}.Debug|Any CPU.ActiveCfg = Debug|Any CPU
		{631C117A-7259-40F5-9001-C993F5BA30DC}.Debug|Any CPU.Build.0 = Debug|Any CPU
		{631C117A-7259-40F5-9001-C993F5BA30DC}.Release|Any CPU.ActiveCfg = Release|Any CPU
		{631C117A-7259-40F5-9001-C993F5BA30DC}.Release|Any CPU.Build.0 = Release|Any CPU
	EndGlobalSection
	GlobalSection(SolutionProperties) = preSolution
		HideSolutionNode = FALSE
	EndGlobalSection
	GlobalSection(ExtensibilityGlobals) = postSolution
		SolutionGuid = {96F58C70-7253-4F84-A538-E338695ED5E7}
	EndGlobalSection
EndGlobal
