
Microsoft Visual Studio Solution File, Format Version 12.00
# Visual Studio Version 17
VisualStudioVersion = 17.4.33122.133
MinimumVisualStudioVersion = 10.0.40219.1
Project("{FAE04EC0-301F-11D3-BF4B-00C04F79EFBC}") = "PrimeiroXamarimForm.Android", "PrimeiroXamarimForm\PrimeiroXamarimForm.Android\PrimeiroXamarimForm.Android.csproj", "{F846D6F7-8FDA-4777-AA8E-425F878A6127}"
EndProject
Project("{FAE04EC0-301F-11D3-BF4B-00C04F79EFBC}") = "PrimeiroXamarimForm.iOS", "PrimeiroXamarimForm\PrimeiroXamarimForm.iOS\PrimeiroXamarimForm.iOS.csproj", "{7D2B1533-077A-409D-8E38-1E02AC8057C0}"
EndProject
Project("{FAE04EC0-301F-11D3-BF4B-00C04F79EFBC}") = "PrimeiroXamarimForm", "PrimeiroXamarimForm\PrimeiroXamarimForm\PrimeiroXamarimForm.csproj", "{C9CBD7AC-5B35-470D-810B-4FF3C6B47E7A}"
EndProject
Global
	GlobalSection(SolutionConfigurationPlatforms) = preSolution
		Debug|Any CPU = Debug|Any CPU
		Debug|iPhone = Debug|iPhone
		Debug|iPhoneSimulator = Debug|iPhoneSimulator
		Release|Any CPU = Release|Any CPU
		Release|iPhone = Release|iPhone
		Release|iPhoneSimulator = Release|iPhoneSimulator
	EndGlobalSection
	GlobalSection(ProjectConfigurationPlatforms) = postSolution
		{F846D6F7-8FDA-4777-AA8E-425F878A6127}.Debug|Any CPU.ActiveCfg = Debug|Any CPU
		{F846D6F7-8FDA-4777-AA8E-425F878A6127}.Debug|Any CPU.Build.0 = Debug|Any CPU
		{F846D6F7-8FDA-4777-AA8E-425F878A6127}.Debug|Any CPU.Deploy.0 = Debug|Any CPU
		{F846D6F7-8FDA-4777-AA8E-425F878A6127}.Debug|iPhone.ActiveCfg = Debug|Any CPU
		{F846D6F7-8FDA-4777-AA8E-425F878A6127}.Debug|iPhone.Build.0 = Debug|Any CPU
		{F846D6F7-8FDA-4777-AA8E-425F878A6127}.Debug|iPhone.Deploy.0 = Debug|Any CPU
		{F846D6F7-8FDA-4777-AA8E-425F878A6127}.Debug|iPhoneSimulator.ActiveCfg = Debug|Any CPU
		{F846D6F7-8FDA-4777-AA8E-425F878A6127}.Debug|iPhoneSimulator.Build.0 = Debug|Any CPU
		{F846D6F7-8FDA-4777-AA8E-425F878A6127}.Debug|iPhoneSimulator.Deploy.0 = Debug|Any CPU
		{F846D6F7-8FDA-4777-AA8E-425F878A6127}.Release|Any CPU.ActiveCfg = Release|Any CPU
		{F846D6F7-8FDA-4777-AA8E-425F878A6127}.Release|Any CPU.Build.0 = Release|Any CPU
		{F846D6F7-8FDA-4777-AA8E-425F878A6127}.Release|Any CPU.Deploy.0 = Release|Any CPU
		{F846D6F7-8FDA-4777-AA8E-425F878A6127}.Release|iPhone.ActiveCfg = Release|Any CPU
		{F846D6F7-8FDA-4777-AA8E-425F878A6127}.Release|iPhone.Build.0 = Release|Any CPU
		{F846D6F7-8FDA-4777-AA8E-425F878A6127}.Release|iPhone.Deploy.0 = Release|Any CPU
		{F846D6F7-8FDA-4777-AA8E-425F878A6127}.Release|iPhoneSimulator.ActiveCfg = Release|Any CPU
		{F846D6F7-8FDA-4777-AA8E-425F878A6127}.Release|iPhoneSimulator.Build.0 = Release|Any CPU
		{F846D6F7-8FDA-4777-AA8E-425F878A6127}.Release|iPhoneSimulator.Deploy.0 = Release|Any CPU
		{7D2B1533-077A-409D-8E38-1E02AC8057C0}.Debug|Any CPU.ActiveCfg = Debug|iPhone
		{7D2B1533-077A-409D-8E38-1E02AC8057C0}.Debug|Any CPU.Build.0 = Debug|iPhone
		{7D2B1533-077A-409D-8E38-1E02AC8057C0}.Debug|Any CPU.Deploy.0 = Debug|iPhone
		{7D2B1533-077A-409D-8E38-1E02AC8057C0}.Debug|iPhone.ActiveCfg = Debug|iPhone
		{7D2B1533-077A-409D-8E38-1E02AC8057C0}.Debug|iPhone.Build.0 = Debug|iPhone
		{7D2B1533-077A-409D-8E38-1E02AC8057C0}.Debug|iPhone.Deploy.0 = Debug|iPhone
		{7D2B1533-077A-409D-8E38-1E02AC8057C0}.Debug|iPhoneSimulator.ActiveCfg = Debug|iPhoneSimulator
		{7D2B1533-077A-409D-8E38-1E02AC8057C0}.Debug|iPhoneSimulator.Build.0 = Debug|iPhoneSimulator
		{7D2B1533-077A-409D-8E38-1E02AC8057C0}.Debug|iPhoneSimulator.Deploy.0 = Debug|iPhoneSimulator
		{7D2B1533-077A-409D-8E38-1E02AC8057C0}.Release|Any CPU.ActiveCfg = Release|iPhoneSimulator
		{7D2B1533-077A-409D-8E38-1E02AC8057C0}.Release|Any CPU.Build.0 = Release|iPhoneSimulator
		{7D2B1533-077A-409D-8E38-1E02AC8057C0}.Release|Any CPU.Deploy.0 = Release|iPhoneSimulator
		{7D2B1533-077A-409D-8E38-1E02AC8057C0}.Release|iPhone.ActiveCfg = Release|iPhone
		{7D2B1533-077A-409D-8E38-1E02AC8057C0}.Release|iPhone.Build.0 = Release|iPhone
		{7D2B1533-077A-409D-8E38-1E02AC8057C0}.Release|iPhone.Deploy.0 = Release|iPhone
		{7D2B1533-077A-409D-8E38-1E02AC8057C0}.Release|iPhoneSimulator.ActiveCfg = Release|iPhoneSimulator
		{7D2B1533-077A-409D-8E38-1E02AC8057C0}.Release|iPhoneSimulator.Build.0 = Release|iPhoneSimulator
		{7D2B1533-077A-409D-8E38-1E02AC8057C0}.Release|iPhoneSimulator.Deploy.0 = Release|iPhoneSimulator
		{C9CBD7AC-5B35-470D-810B-4FF3C6B47E7A}.Debug|Any CPU.ActiveCfg = Debug|Any CPU
		{C9CBD7AC-5B35-470D-810B-4FF3C6B47E7A}.Debug|Any CPU.Build.0 = Debug|Any CPU
		{C9CBD7AC-5B35-470D-810B-4FF3C6B47E7A}.Debug|Any CPU.Deploy.0 = Debug|Any CPU
		{C9CBD7AC-5B35-470D-810B-4FF3C6B47E7A}.Debug|iPhone.ActiveCfg = Debug|Any CPU
		{C9CBD7AC-5B35-470D-810B-4FF3C6B47E7A}.Debug|iPhone.Build.0 = Debug|Any CPU
		{C9CBD7AC-5B35-470D-810B-4FF3C6B47E7A}.Debug|iPhone.Deploy.0 = Debug|Any CPU
		{C9CBD7AC-5B35-470D-810B-4FF3C6B47E7A}.Debug|iPhoneSimulator.ActiveCfg = Debug|Any CPU
		{C9CBD7AC-5B35-470D-810B-4FF3C6B47E7A}.Debug|iPhoneSimulator.Build.0 = Debug|Any CPU
		{C9CBD7AC-5B35-470D-810B-4FF3C6B47E7A}.Debug|iPhoneSimulator.Deploy.0 = Debug|Any CPU
		{C9CBD7AC-5B35-470D-810B-4FF3C6B47E7A}.Release|Any CPU.ActiveCfg = Release|Any CPU
		{C9CBD7AC-5B35-470D-810B-4FF3C6B47E7A}.Release|Any CPU.Build.0 = Release|Any CPU
		{C9CBD7AC-5B35-470D-810B-4FF3C6B47E7A}.Release|Any CPU.Deploy.0 = Release|Any CPU
		{C9CBD7AC-5B35-470D-810B-4FF3C6B47E7A}.Release|iPhone.ActiveCfg = Release|Any CPU
		{C9CBD7AC-5B35-470D-810B-4FF3C6B47E7A}.Release|iPhone.Build.0 = Release|Any CPU
		{C9CBD7AC-5B35-470D-810B-4FF3C6B47E7A}.Release|iPhone.Deploy.0 = Release|Any CPU
		{C9CBD7AC-5B35-470D-810B-4FF3C6B47E7A}.Release|iPhoneSimulator.ActiveCfg = Release|Any CPU
		{C9CBD7AC-5B35-470D-810B-4FF3C6B47E7A}.Release|iPhoneSimulator.Build.0 = Release|Any CPU
		{C9CBD7AC-5B35-470D-810B-4FF3C6B47E7A}.Release|iPhoneSimulator.Deploy.0 = Release|Any CPU
	EndGlobalSection
	GlobalSection(SolutionProperties) = preSolution
		HideSolutionNode = FALSE
	EndGlobalSection
	GlobalSection(ExtensibilityGlobals) = postSolution
		SolutionGuid = {1F99AC45-DBCF-4ED5-B710-3E5A6ED33C5E}
	EndGlobalSection
EndGlobal
