
Microsoft Visual Studio Solution File, Format Version 12.00
# Visual Studio Version 17
VisualStudioVersion = 17.3.32901.215
MinimumVisualStudioVersion = 10.0.40219.1
Project("{FAE04EC0-301F-11D3-BF4B-00C04F79EFBC}") = "ListaExercicios4Atos", "ListaExercicios4Atos\ListaExercicios4Atos.csproj", "{566703E0-5183-4E44-8748-22164A52A4B8}"
EndProject
Global
	GlobalSection(SolutionConfigurationPlatforms) = preSolution
		Debug|Any CPU = Debug|Any CPU
		Release|Any CPU = Release|Any CPU
	EndGlobalSection
	GlobalSection(ProjectConfigurationPlatforms) = postSolution
		{566703E0-5183-4E44-8748-22164A52A4B8}.Debug|Any CPU.ActiveCfg = Debug|Any CPU
		{566703E0-5183-4E44-8748-22164A52A4B8}.Debug|Any CPU.Build.0 = Debug|Any CPU
		{566703E0-5183-4E44-8748-22164A52A4B8}.Release|Any CPU.ActiveCfg = Release|Any CPU
		{566703E0-5183-4E44-8748-22164A52A4B8}.Release|Any CPU.Build.0 = Release|Any CPU
	EndGlobalSection
	GlobalSection(SolutionProperties) = preSolution
		HideSolutionNode = FALSE
	EndGlobalSection
	GlobalSection(ExtensibilityGlobals) = postSolution
		SolutionGuid = {D524D21F-FBF5-4AAB-B06D-BA181483F287}
	EndGlobalSection
EndGlobal
