
Microsoft Visual Studio Solution File, Format Version 12.00
# Visual Studio Version 17
VisualStudioVersion = 17.3.32901.215
MinimumVisualStudioVersion = 10.0.40219.1
Project("{FAE04EC0-301F-11D3-BF4B-00C04F79EFBC}") = "Exercicio2Lista11", "Exercicio2Lista11\Exercicio2Lista11.csproj", "{7055D11D-06C2-41F8-B25C-5D57DA103F6A}"
EndProject
Global
	GlobalSection(SolutionConfigurationPlatforms) = preSolution
		Debug|Any CPU = Debug|Any CPU
		Release|Any CPU = Release|Any CPU
	EndGlobalSection
	GlobalSection(ProjectConfigurationPlatforms) = postSolution
		{7055D11D-06C2-41F8-B25C-5D57DA103F6A}.Debug|Any CPU.ActiveCfg = Debug|Any CPU
		{7055D11D-06C2-41F8-B25C-5D57DA103F6A}.Debug|Any CPU.Build.0 = Debug|Any CPU
		{7055D11D-06C2-41F8-B25C-5D57DA103F6A}.Release|Any CPU.ActiveCfg = Release|Any CPU
		{7055D11D-06C2-41F8-B25C-5D57DA103F6A}.Release|Any CPU.Build.0 = Release|Any CPU
	EndGlobalSection
	GlobalSection(SolutionProperties) = preSolution
		HideSolutionNode = FALSE
	EndGlobalSection
	GlobalSection(ExtensibilityGlobals) = postSolution
		SolutionGuid = {FB0F24DE-C87B-46C7-8CE1-4447182DE8D6}
	EndGlobalSection
EndGlobal
