
Microsoft Visual Studio Solution File, Format Version 12.00
# Visual Studio Version 17
VisualStudioVersion = 17.3.32901.215
MinimumVisualStudioVersion = 10.0.40219.1
Project("{FAE04EC0-301F-11D3-BF4B-00C04F79EFBC}") = "ListaExercicios8Atos", "ListaExercicios8Atos\ListaExercicios8Atos.csproj", "{434EE5C6-17A4-4CD7-AC3B-7F5F41952EC0}"
EndProject
Global
	GlobalSection(SolutionConfigurationPlatforms) = preSolution
		Debug|Any CPU = Debug|Any CPU
		Release|Any CPU = Release|Any CPU
	EndGlobalSection
	GlobalSection(ProjectConfigurationPlatforms) = postSolution
		{434EE5C6-17A4-4CD7-AC3B-7F5F41952EC0}.Debug|Any CPU.ActiveCfg = Debug|Any CPU
		{434EE5C6-17A4-4CD7-AC3B-7F5F41952EC0}.Debug|Any CPU.Build.0 = Debug|Any CPU
		{434EE5C6-17A4-4CD7-AC3B-7F5F41952EC0}.Release|Any CPU.ActiveCfg = Release|Any CPU
		{434EE5C6-17A4-4CD7-AC3B-7F5F41952EC0}.Release|Any CPU.Build.0 = Release|Any CPU
	EndGlobalSection
	GlobalSection(SolutionProperties) = preSolution
		HideSolutionNode = FALSE
	EndGlobalSection
	GlobalSection(ExtensibilityGlobals) = postSolution
		SolutionGuid = {7BB56B23-B497-475E-95A0-780CA237833D}
	EndGlobalSection
EndGlobal
